{
    "_meta": {
        "hash": {
            "sha256": "86b94fb44d7ab386a5355214793d89012c636b63368a6003a92775e7f06e936c"
        },
        "requires": {},
        "sources": [
            {
                "url": "https://pypi.python.org/simple",
                "verify_ssl": true
            }
        ]
    },
    "default": {
        "beaker": {
            "version": "==1.9.0"
        },
        "bottle": {
            "version": "==0.12.13"
        },
        "cheroot": {
            "version": "==6.0.0"
        },
        "funcsigs": {
            "version": "==1.0.2"
        },
        "more-itertools": {
            "version": "==4.0.1"
        },
        "six": {
            "version": "==1.11.0"
        }
    },
    "develop": {
        "attrs": {
            "version": "==17.3.0"
        },
        "certifi": {
            "version": "==2017.11.5"
        },
        "chardet": {
            "version": "==3.0.4"
        },
        "funcsigs": {
            "version": "==1.0.2"
        },
        "idna": {
            "version": "==2.6"
        },
        "pluggy": {
            "version": "==0.6.0"
        },
        "py": {
            "version": "==1.5.2"
        },
        "pytest": {
            "version": "==3.3.0"
        },
        "requests": {
            "version": "==2.18.4"
        },
        "setuptools": {
            "version": "==38.2.3"
        },
        "six": {
            "version": "==1.11.0"
        },
        "urllib3": {
            "version": "==1.22"
        }
    }
}
