{
    "_meta": {
        "hash": {
            "sha256": "86b94fb44d7ab386a5355214793d89012c636b63368a6003a92775e7f06e936c"
        },
        "requires": {},
        "sources": [
            {
                "url": "https://pypi.python.org/simple",
                "verify_ssl": true
            }
        ]
    },
    "default": {
        "beaker": {
            "version": "==1.9.0"
        },
        "bottle": {
            "version": "==0.12.13"
        },
        "cheroot": {
            "version": "==5.8.3"
        },
        "funcsigs": {
            "version": "==1.0.2"
        },
        "six": {
            "version": "==1.11.0"
        }
    },
    "develop": {
        "certifi": {
            "version": "==2017.7.27.1"
        },
        "chardet": {
            "version": "==3.0.4"
        },
        "idna": {
            "version": "==2.6"
        },
        "py": {
            "version": "==1.4.34"
        },
        "pytest": {
            "version": "==3.2.2"
        },
        "requests": {
            "version": "==2.18.4"
        },
        "setuptools": {
            "version": "==36.5.0"
        },
        "urllib3": {
            "version": "==1.22"
        }
    }
}
