[[package]]
name = "atomicwrites"
version = "1.4.1"
description = "Atomic file writes."
category = "dev"
optional = false
python-versions = ">=2.7, !=3.0.*, !=3.1.*, !=3.2.*, !=3.3.*"

[[package]]
name = "attrs"
version = "21.4.0"
description = "Classes Without Boilerplate"
category = "dev"
optional = false
python-versions = ">=2.7, !=3.0.*, !=3.1.*, !=3.2.*, !=3.3.*, !=3.4.*"

[package.extras]
dev = ["coverage[toml] (>=5.0.2)", "hypothesis", "pympler", "pytest (>=4.3.0)", "six", "mypy", "pytest-mypy-plugins", "zope.interface", "furo", "sphinx", "sphinx-notfound-page", "pre-commit", "cloudpickle"]
docs = ["furo", "sphinx", "zope.interface", "sphinx-notfound-page"]
tests = ["coverage[toml] (>=5.0.2)", "hypothesis", "pympler", "pytest (>=4.3.0)", "six", "mypy", "pytest-mypy-plugins", "zope.interface", "cloudpickle"]
tests_no_zope = ["coverage[toml] (>=5.0.2)", "hypothesis", "pympler", "pytest (>=4.3.0)", "six", "mypy", "pytest-mypy-plugins", "cloudpickle"]

[[package]]
name = "backports.functools-lru-cache"
version = "1.6.6"
description = "Backport of functools.lru_cache"
category = "main"
optional = false
python-versions = ">=2.6"

[package.extras]
docs = ["sphinx (>=3.5)", "jaraco.packaging (>=9.3)", "rst.linker (>=1.9)", "furo", "sphinx-lint", "jaraco.tidelift (>=1.4)"]
testing = ["pytest (>=6)", "pytest-checkdocs (>=2.4)", "pytest-cov", "pytest-enabler (>=2.2)", "pytest-ruff", "pytest-black (>=0.3.7)", "pytest-mypy (>=0.9.1)"]

[[package]]
name = "beaker"
version = "1.13.0"
description = "A Session and Caching library with WSGI Middleware"
category = "main"
optional = false
python-versions = "*"

[package.extras]
crypto = ["pycryptopp (>=0.5.12)"]
cryptography = ["cryptography"]
pycrypto = ["pycrypto"]
pycryptodome = ["pycryptodome"]
testsuite = ["coverage", "cryptography", "pycryptodome", "pylibmc", "pymongo", "pytest", "python-memcached", "redis", "sqlalchemy", "webtest"]

[[package]]
name = "bottle"
version = "0.12.25"
description = "Fast and simple WSGI-framework for small web-applications."
category = "main"
optional = false
python-versions = "*"

[[package]]
name = "certifi"
version = "2021.10.8"
description = "Python package for providing Mozilla's CA Bundle."
category = "dev"
optional = false
python-versions = "*"

[[package]]
name = "chardet"
version = "4.0.0"
description = "Universal encoding detector for Python 2 and 3"
category = "dev"
optional = false
python-versions = ">=2.7, !=3.0.*, !=3.1.*, !=3.2.*, !=3.3.*, !=3.4.*"

[[package]]
name = "charset-normalizer"
version = "2.0.12"
description = "The Real First Universal Charset Detector. Open, modern and actively maintained alternative to Chardet."
category = "dev"
optional = false
python-versions = ">=3.5.0"

[package.extras]
unicode_backport = ["unicodedata2"]

[[package]]
name = "cheroot"
version = "8.6.0"
description = "Highly-optimized, pure-python HTTP server"
category = "main"
optional = false
python-versions = "!=3.0.*,!=3.1.*,!=3.2.*,!=3.3.*,>=2.7"

[package.dependencies]
"backports.functools-lru-cache" = {version = "*", markers = "python_version < \"3.3\""}
"jaraco.functools" = "*"
more-itertools = [
    {version = ">=2.6,<8.11.0", markers = "python_version < \"3.6\""},
    {version = ">=2.6", markers = "python_version >= \"3.6\""},
]
selectors2 = {version = "*", markers = "python_version < \"3.4\""}
six = ">=1.11.0"

[package.extras]
docs = ["sphinx (>=1.8.2)", "jaraco.packaging (>=3.2)", "sphinx-tabs (>=1.1.0)", "furo", "python-dateutil", "sphinxcontrib-apidoc (>=0.3.0)"]

[[package]]
name = "colorama"
version = "0.4.5"
description = "Cross-platform colored terminal text."
category = "dev"
optional = false
python-versions = ">=2.7, !=3.0.*, !=3.1.*, !=3.2.*, !=3.3.*, !=3.4.*"

[[package]]
name = "configparser"
version = "4.0.2"
description = "Updated configparser from Python 3.7 for Python 2.6+."
category = "dev"
optional = false
python-versions = ">=2.6"

[package.extras]
docs = ["sphinx", "jaraco.packaging (>=3.2)", "rst.linker (>=1.9)"]
testing = ["pytest (>=3.5,!=3.7.3)", "pytest-checkdocs (>=1.2)", "pytest-flake8", "pytest-black-multipy"]

[[package]]
name = "contextlib2"
version = "0.6.0.post1"
description = "Backports and enhancements for the contextlib module"
category = "dev"
optional = false
python-versions = ">=2.7, !=3.0.*, !=3.1.*, !=3.2.*, !=3.3.*"

[[package]]
name = "funcsigs"
version = "1.0.2"
description = "Python function signatures from PEP362 for Python 2.6, 2.7 and 3.2+"
category = "dev"
optional = false
python-versions = "*"

[[package]]
name = "idna"
version = "2.10"
description = "Internationalized Domain Names in Applications (IDNA)"
category = "dev"
optional = false
python-versions = ">=2.7, !=3.0.*, !=3.1.*, !=3.2.*, !=3.3.*"

[[package]]
name = "idna"
version = "3.7"
description = "Internationalized Domain Names in Applications (IDNA)"
category = "dev"
optional = false
python-versions = ">=3.5"

[[package]]
name = "importlib-metadata"
version = "2.1.3"
description = "Read metadata from Python packages"
category = "dev"
optional = false
python-versions = "!=3.0.*,!=3.1.*,!=3.2.*,!=3.3.*,!=3.4.*,>=2.7"

[package.dependencies]
configparser = {version = ">=3.5", markers = "python_version < \"3\""}
contextlib2 = {version = "*", markers = "python_version < \"3\""}
pathlib2 = {version = "*", markers = "python_version < \"3\""}
zipp = ">=0.5"

[package.extras]
docs = ["sphinx", "rst.linker"]
testing = ["packaging", "pep517", "unittest2", "importlib-resources (>=1.3)"]

[[package]]
name = "jaraco.functools"
version = "2.0"
description = "Functools like those found in stdlib"
category = "main"
optional = false
python-versions = ">=2.7"

[package.dependencies]
"backports.functools-lru-cache" = {version = ">=1.0.3", markers = "python_version == \"2.7\""}
more-itertools = "*"

[package.extras]
testing = ["jaraco.classes", "backports.unittest-mock", "six", "pytest-flake8", "pytest-checkdocs", "pytest (>=3.5,!=3.7.3)"]
docs = ["rst.linker (>=1.9)", "jaraco.packaging (>=3.2)", "sphinx"]

[[package]]
name = "more-itertools"
version = "5.0.0"
description = "More routines for operating on iterables, beyond itertools"
category = "main"
optional = false
python-versions = "*"

[package.dependencies]
six = ">=1.0.0,<2.0.0"

[[package]]
name = "more-itertools"
version = "8.10.0"
description = "More routines for operating on iterables, beyond itertools"
category = "main"
optional = false
python-versions = ">=3.5"

[[package]]
name = "more-itertools"
version = "8.14.0"
description = "More routines for operating on iterables, beyond itertools"
category = "main"
optional = false
python-versions = ">=3.5"

[[package]]
name = "packaging"
version = "20.9"
description = "Core utilities for Python packages"
category = "dev"
optional = false
python-versions = ">=2.7, !=3.0.*, !=3.1.*, !=3.2.*, !=3.3.*"

[package.dependencies]
pyparsing = ">=2.0.2"

[[package]]
name = "pathlib2"
version = "2.3.7.post1"
description = "Object-oriented filesystem paths"
category = "dev"
optional = false
python-versions = "*"

[package.dependencies]
scandir = {version = "*", markers = "python_version < \"3.5\""}
six = "*"
typing = {version = "*", markers = "python_version < \"3.5\""}

[[package]]
name = "pluggy"
version = "0.13.1"
description = "plugin and hook calling mechanisms for python"
category = "dev"
optional = false
python-versions = ">=2.7, !=3.0.*, !=3.1.*, !=3.2.*, !=3.3.*"

[package.dependencies]
importlib-metadata = {version = ">=0.12", markers = "python_version < \"3.8\""}

[package.extras]
dev = ["pre-commit", "tox"]

[[package]]
name = "py"
version = "1.11.0"
description = "library with cross-python path, ini-parsing, io, code, log facilities"
category = "dev"
optional = false
python-versions = ">=2.7, !=3.0.*, !=3.1.*, !=3.2.*, !=3.3.*, !=3.4.*"

[[package]]
name = "pyparsing"
version = "2.4.7"
description = "Python parsing module"
category = "dev"
optional = false
python-versions = ">=2.6, !=3.0.*, !=3.1.*, !=3.2.*"

[[package]]
name = "pytest"
version = "4.6.11"
description = "pytest: simple powerful testing with Python"
category = "dev"
optional = false
python-versions = "!=3.0.*,!=3.1.*,!=3.2.*,!=3.3.*,>=2.7"

[package.dependencies]
atomicwrites = ">=1.0"
attrs = ">=17.4.0"
colorama = {version = "*", markers = "sys_platform == \"win32\" and python_version != \"3.4\""}
funcsigs = {version = ">=1.0", markers = "python_version < \"3.0\""}
importlib-metadata = {version = ">=0.12", markers = "python_version < \"3.8\""}
more-itertools = [
    {version = ">=4.0.0,<6.0.0", markers = "python_version <= \"2.7\""},
    {version = ">=4.0.0", markers = "python_version > \"2.7\""},
]
packaging = "*"
pathlib2 = {version = ">=2.2.0", markers = "python_version < \"3.6\""}
pluggy = ">=0.12,<1.0"
py = ">=1.5.0"
six = ">=1.10.0"
wcwidth = "*"

[package.extras]
testing = ["argcomplete", "hypothesis (>=3.56)", "nose", "requests", "mock"]

[[package]]
name = "requests"
version = "2.27.1"
description = "Python HTTP for Humans."
category = "dev"
optional = false
python-versions = ">=2.7, !=3.0.*, !=3.1.*, !=3.2.*, !=3.3.*, !=3.4.*, !=3.5.*"

[package.dependencies]
certifi = ">=2017.4.17"
chardet = {version = ">=3.0.2,<5", markers = "python_version < \"3\""}
charset-normalizer = {version = ">=2.0.0,<2.1.0", markers = "python_version >= \"3\""}
idna = [
    {version = ">=2.5,<3", markers = "python_version < \"3\""},
    {version = ">=2.5,<4", markers = "python_version >= \"3\""},
]
urllib3 = ">=1.21.1,<1.27"

[package.extras]
socks = ["PySocks (>=1.5.6,!=1.5.7)", "win-inet-pton"]
use_chardet_on_py3 = ["chardet (>=3.0.2,<5)"]

[[package]]
name = "scandir"
version = "1.10.0"
description = "scandir, a better directory iterator and faster os.walk()"
category = "dev"
optional = false
python-versions = "*"

[[package]]
name = "selectors2"
version = "2.0.2"
description = "Back-ported, durable, and portable selectors"
category = "main"
optional = false
python-versions = "*"

[[package]]
name = "six"
version = "1.16.0"
description = "Python 2 and 3 compatibility utilities"
category = "main"
optional = false
python-versions = ">=2.7, !=3.0.*, !=3.1.*, !=3.2.*"

[[package]]
name = "typing"
version = "3.10.0.0"
description = "Type Hints for Python"
category = "dev"
optional = false
python-versions = ">=2.7, !=3.0.*, !=3.1.*, !=3.2.*, !=3.3.*, <3.5"

[[package]]
name = "urllib3"
version = "1.26.18"
description = "HTTP library with thread-safe connection pooling, file post, and more."
category = "dev"
optional = false
python-versions = ">=2.7, !=3.0.*, !=3.1.*, !=3.2.*, !=3.3.*, !=3.4.*, !=3.5.*"

[package.extras]
brotli = ["brotlicffi (>=0.8.0)", "brotli (==1.0.9)", "brotlipy (>=0.6.0)", "brotli (>=1.0.9)"]
secure = ["pyOpenSSL (>=0.14)", "cryptography (>=1.3.4)", "idna (>=2.0.0)", "certifi", "urllib3-secure-extra", "ipaddress"]
socks = ["PySocks (>=1.5.6,!=1.5.7,<2.0)"]

[[package]]
name = "wcwidth"
version = "0.2.13"
description = "Measures the displayed width of unicode strings in a terminal"
category = "dev"
optional = false
python-versions = "*"

[package.dependencies]
"backports.functools-lru-cache" = {version = ">=1.2.1", markers = "python_version < \"3.2\""}

[[package]]
name = "zipp"
version = "1.2.0"
description = "Backport of pathlib-compatible object wrapper for zip files"
category = "dev"
optional = false
python-versions = ">=2.7"

[package.dependencies]
contextlib2 = {version = "*", markers = "python_version < \"3.4\""}

[package.extras]
testing = ["func-timeout", "jaraco.itertools", "unittest2", "pathlib2"]
docs = ["rst.linker (>=1.9)", "jaraco.packaging (>=3.2)", "sphinx"]

[metadata]
lock-version = "1.1"
python-versions = ">=2.7,<2.8 || >=3.6,<4"
content-hash = "5a5857b709acd75a209e8afd5e9ef08527079e76e6929d4ca144f93de5123e50"

[metadata.files]
atomicwrites = [
    {file = "atomicwrites-1.4.1.tar.gz", hash = "sha256:81b2c9071a49367a7f770170e5eec8cb66567cfbbc8c73d20ce5ca4a8d71cf11"},
]
attrs = [
    {file = "attrs-21.4.0-py2.py3-none-any.whl", hash = "sha256:2d27e3784d7a565d36ab851fe94887c5eccd6a463168875832a1be79c82828b4"},
    {file = "attrs-21.4.0.tar.gz", hash = "sha256:626ba8234211db98e869df76230a137c4c40a12d72445c45d5f5b716f076e2fd"},
]
"backports.functools-lru-cache" = [
    {file = "backports.functools_lru_cache-1.6.6-py2.py3-none-any.whl", hash = "sha256:77e27d0ffbb463904bdd5ef8b44363f6cd5ef503e664b3f599a3bf5843ed37cf"},
    {file = "backports.functools_lru_cache-1.6.6.tar.gz", hash = "sha256:7b70e701ba4db58c0ed8671a9d3391b0abb9bd1bc24d4e90c3480f4baafcc2dc"},
]
beaker = [
    {file = "Beaker-1.13.0.tar.gz", hash = "sha256:e956cd8a35ad5de1b5212c7bff8fc01e2b3d34ab92466d24684c666abb8c9c30"},
]
bottle = [
    {file = "bottle-0.12.25-py3-none-any.whl", hash = "sha256:d6f15f9d422670b7c073d63bd8d287b135388da187a0f3e3c19293626ce034ea"},
    {file = "bottle-0.12.25.tar.gz", hash = "sha256:e1a9c94970ae6d710b3fb4526294dfeb86f2cb4a81eff3a4b98dc40fb0e5e021"},
]
certifi = [
    {file = "certifi-2021.10.8-py2.py3-none-any.whl", hash = "sha256:d62a0163eb4c2344ac042ab2bdf75399a71a2d8c7d47eac2e2ee91b9d6339569"},
    {file = "certifi-2021.10.8.tar.gz", hash = "sha256:78884e7c1d4b00ce3cea67b44566851c4343c120abd683433ce934a68ea58872"},
]
chardet = [
    {file = "chardet-4.0.0-py2.py3-none-any.whl", hash = "sha256:f864054d66fd9118f2e67044ac8981a54775ec5b67aed0441892edb553d21da5"},
    {file = "chardet-4.0.0.tar.gz", hash = "sha256:0d6f53a15db4120f2b08c94f11e7d93d2c911ee118b6b30a04ec3ee8310179fa"},
]
charset-normalizer = [
    {file = "charset-normalizer-2.0.12.tar.gz", hash = "sha256:2857e29ff0d34db842cd7ca3230549d1a697f96ee6d3fb071cfa6c7393832597"},
    {file = "charset_normalizer-2.0.12-py3-none-any.whl", hash = "sha256:6881edbebdb17b39b4eaaa821b438bf6eddffb4468cf344f09f89def34a8b1df"},
]
cheroot = [
    {file = "cheroot-8.6.0-py2.py3-none-any.whl", hash = "sha256:62cbced16f07e8aaf512673987cd6b1fc5ad00073345e9ed6c4e2a5cc2a3a22d"},
    {file = "cheroot-8.6.0.tar.gz", hash = "sha256:366adf6e7cac9555486c2d1be6297993022eff6f8c4655c1443268cca3f08e25"},
]
colorama = [
    {file = "colorama-0.4.5-py2.py3-none-any.whl", hash = "sha256:854bf444933e37f5824ae7bfc1e98d5bce2ebe4160d46b5edf346a89358e99da"},
    {file = "colorama-0.4.5.tar.gz", hash = "sha256:e6c6b4334fc50988a639d9b98aa429a0b57da6e17b9a44f0451f930b6967b7a4"},
]
configparser = [
    {file = "configparser-4.0.2-py2.py3-none-any.whl", hash = "sha256:254c1d9c79f60c45dfde850850883d5aaa7f19a23f13561243a050d5a7c3fe4c"},
    {file = "configparser-4.0.2.tar.gz", hash = "sha256:c7d282687a5308319bf3d2e7706e575c635b0a470342641c93bea0ea3b5331df"},
]
contextlib2 = [
    {file = "contextlib2-0.6.0.post1-py2.py3-none-any.whl", hash = "sha256:3355078a159fbb44ee60ea80abd0d87b80b78c248643b49aa6d94673b413609b"},
    {file = "contextlib2-0.6.0.post1.tar.gz", hash = "sha256:01f490098c18b19d2bd5bb5dc445b2054d2fa97f09a4280ba2c5f3c394c8162e"},
]
funcsigs = [
    {file = "funcsigs-1.0.2-py2.py3-none-any.whl", hash = "sha256:330cc27ccbf7f1e992e69fef78261dc7c6569012cf397db8d3de0234e6c937ca"},
    {file = "funcsigs-1.0.2.tar.gz", hash = "sha256:a7bb0f2cf3a3fd1ab2732cb49eba4252c2af4240442415b4abce3b87022a8f50"},
]
idna = [
    {file = "idna-2.10-py2.py3-none-any.whl", hash = "sha256:b97d804b1e9b523befed77c48dacec60e6dcb0b5391d57af6a65a312a90648c0"},
    {file = "idna-2.10.tar.gz", hash = "sha256:b307872f855b18632ce0c21c5e45be78c0ea7ae4c15c828c20788b26921eb3f6"},
    {file = "idna-3.7-py3-none-any.whl", hash = "sha256:82fee1fc78add43492d3a1898bfa6d8a904cc97d8427f683ed8e798d07761aa0"},
    {file = "idna-3.7.tar.gz", hash = "sha256:028ff3aadf0609c1fd278d8ea3089299412a7a8b9bd005dd08b9f8285bcb5cfc"},
]
importlib-metadata = [
    {file = "importlib_metadata-2.1.3-py2.py3-none-any.whl", hash = "sha256:52e65a0856f9ba7ea8f2c4ced253fb6c88d1a8c352cb1e916cff4eb17d5a693d"},
    {file = "importlib_metadata-2.1.3.tar.gz", hash = "sha256:02a9f62b02e9b1cc43871809ef99947e8f5d94771392d666ada2cafc4cd09d4f"},
]
"jaraco.functools" = [
    {file = "jaraco.functools-2.0-py2.py3-none-any.whl", hash = "sha256:e9e377644cee5f6f9128b4dab1631fca74981236e95a255f80e4292bcd2b5284"},
    {file = "jaraco.functools-2.0.tar.gz", hash = "sha256:35ba944f52b1a7beee8843a5aa6752d1d5b79893eeb7770ea98be6b637bf9345"},
]
more-itertools = [
    {file = "more-itertools-5.0.0.tar.gz", hash = "sha256:38a936c0a6d98a38bcc2d03fdaaedaba9f412879461dd2ceff8d37564d6522e4"},
    {file = "more_itertools-5.0.0-py2-none-any.whl", hash = "sha256:c0a5785b1109a6bd7fac76d6837fd1feca158e54e521ccd2ae8bfe393cc9d4fc"},
    {file = "more_itertools-5.0.0-py3-none-any.whl", hash = "sha256:fe7a7cae1ccb57d33952113ff4fa1bc5f879963600ed74918f1236e212ee50b9"},
    {file = "more-itertools-8.10.0.tar.gz", hash = "sha256:1debcabeb1df793814859d64a81ad7cb10504c24349368ccf214c664c474f41f"},
    {file = "more_itertools-8.10.0-py3-none-any.whl", hash = "sha256:56ddac45541718ba332db05f464bebfb0768110111affd27f66e0051f276fa43"},
    {file = "more-itertools-8.14.0.tar.gz", hash = "sha256:c09443cd3d5438b8dafccd867a6bc1cb0894389e90cb53d227456b0b0bccb750"},
    {file = "more_itertools-8.14.0-py3-none-any.whl", hash = "sha256:1bc4f91ee5b1b31ac7ceacc17c09befe6a40a503907baf9c839c229b5095cfd2"},
]
packaging = [
    {file = "packaging-20.9-py2.py3-none-any.whl", hash = "sha256:67714da7f7bc052e064859c05c595155bd1ee9f69f76557e21f051443c20947a"},
    {file = "packaging-20.9.tar.gz", hash = "sha256:5b327ac1320dc863dca72f4514ecc086f31186744b84a230374cc1fd776feae5"},
]
pathlib2 = [
    {file = "pathlib2-2.3.7.post1-py2.py3-none-any.whl", hash = "sha256:5266a0fd000452f1b3467d782f079a4343c63aaa119221fbdc4e39577489ca5b"},
    {file = "pathlib2-2.3.7.post1.tar.gz", hash = "sha256:9fe0edad898b83c0c3e199c842b27ed216645d2e177757b2dd67384d4113c641"},
]
pluggy = [
    {file = "pluggy-0.13.1-py2.py3-none-any.whl", hash = "sha256:966c145cd83c96502c3c3868f50408687b38434af77734af1e9ca461a4081d2d"},
    {file = "pluggy-0.13.1.tar.gz", hash = "sha256:15b2acde666561e1298d71b523007ed7364de07029219b604cf808bfa1c765b0"},
]
py = [
    {file = "py-1.11.0-py2.py3-none-any.whl", hash = "sha256:607c53218732647dff4acdfcd50cb62615cedf612e72d1724fb1a0cc6405b378"},
    {file = "py-1.11.0.tar.gz", hash = "sha256:51c75c4126074b472f746a24399ad32f6053d1b34b68d2fa41e558e6f4a98719"},
]
pyparsing = [
    {file = "pyparsing-2.4.7-py2.py3-none-any.whl", hash = "sha256:ef9d7589ef3c200abe66653d3f1ab1033c3c419ae9b9bdb1240a85b024efc88b"},
    {file = "pyparsing-2.4.7.tar.gz", hash = "sha256:c203ec8783bf771a155b207279b9bccb8dea02d8f0c9e5f8ead507bc3246ecc1"},
]
pytest = [
    {file = "pytest-4.6.11-py2.py3-none-any.whl", hash = "sha256:a00a7d79cbbdfa9d21e7d0298392a8dd4123316bfac545075e6f8f24c94d8c97"},
    {file = "pytest-4.6.11.tar.gz", hash = "sha256:50fa82392f2120cc3ec2ca0a75ee615be4c479e66669789771f1758332be4353"},
]
requests = [
    {file = "requests-2.27.1-py2.py3-none-any.whl", hash = "sha256:f22fa1e554c9ddfd16e6e41ac79759e17be9e492b3587efa038054674760e72d"},
    {file = "requests-2.27.1.tar.gz", hash = "sha256:68d7c56fd5a8999887728ef304a6d12edc7be74f1cfa47714fc8b414525c9a61"},
]
scandir = [
    {file = "scandir-1.10.0-cp27-cp27m-win32.whl", hash = "sha256:92c85ac42f41ffdc35b6da57ed991575bdbe69db895507af88b9f499b701c188"},
    {file = "scandir-1.10.0-cp27-cp27m-win_amd64.whl", hash = "sha256:cb925555f43060a1745d0a321cca94bcea927c50114b623d73179189a4e100ac"},
    {file = "scandir-1.10.0-cp34-cp34m-win32.whl", hash = "sha256:2c712840c2e2ee8dfaf36034080108d30060d759c7b73a01a52251cc8989f11f"},
    {file = "scandir-1.10.0-cp34-cp34m-win_amd64.whl", hash = "sha256:2586c94e907d99617887daed6c1d102b5ca28f1085f90446554abf1faf73123e"},
    {file = "scandir-1.10.0-cp35-cp35m-win32.whl", hash = "sha256:2b8e3888b11abb2217a32af0766bc06b65cc4a928d8727828ee68af5a967fa6f"},
    {file = "scandir-1.10.0-cp35-cp35m-win_amd64.whl", hash = "sha256:8c5922863e44ffc00c5c693190648daa6d15e7c1207ed02d6f46a8dcc2869d32"},
    {file = "scandir-1.10.0-cp36-cp36m-win32.whl", hash = "sha256:2ae41f43797ca0c11591c0c35f2f5875fa99f8797cb1a1fd440497ec0ae4b022"},
    {file = "scandir-1.10.0-cp36-cp36m-win_amd64.whl", hash = "sha256:7d2d7a06a252764061a020407b997dd036f7bd6a175a5ba2b345f0a357f0b3f4"},
    {file = "scandir-1.10.0-cp37-cp37m-win32.whl", hash = "sha256:67f15b6f83e6507fdc6fca22fedf6ef8b334b399ca27c6b568cbfaa82a364173"},
    {file = "scandir-1.10.0-cp37-cp37m-win_amd64.whl", hash = "sha256:b24086f2375c4a094a6b51e78b4cf7ca16c721dcee2eddd7aa6494b42d6d519d"},
    {file = "scandir-1.10.0.tar.gz", hash = "sha256:4d4631f6062e658e9007ab3149a9b914f3548cb38bfb021c64f39a025ce578ae"},
]
selectors2 = [
    {file = "selectors2-2.0.2-py2.py3-none-any.whl", hash = "sha256:c5092ff5d0bfb6b09e19371ba91c0e119ba61a8256c9837ca363e0c525032e16"},
    {file = "selectors2-2.0.2.tar.gz", hash = "sha256:1f1bbaac203a23fbc851dc1b5a6e92c50698cc8cefa5873eb5b89eef53d1d82b"},
]
six = [
    {file = "six-1.16.0-py2.py3-none-any.whl", hash = "sha256:8abb2f1d86890a2dfb989f9a77cfcfd3e47c2a354b01111771326f8aa26e0254"},
    {file = "six-1.16.0.tar.gz", hash = "sha256:1e61c37477a1626458e36f7b1d82aa5c9b094fa4802892072e49de9c60c4c926"},
]
typing = [
    {file = "typing-3.10.0.0-py2-none-any.whl", hash = "sha256:c7219ef20c5fbf413b4567092adfc46fa6203cb8454eda33c3fc1afe1398a308"},
    {file = "typing-3.10.0.0-py3-none-any.whl", hash = "sha256:12fbdfbe7d6cca1a42e485229afcb0b0c8259258cfb919b8a5e2a5c953742f89"},
    {file = "typing-3.10.0.0.tar.gz", hash = "sha256:13b4ad211f54ddbf93e5901a9967b1e07720c1d1b78d596ac6a439641aa1b130"},
]
urllib3 = [
    {file = "urllib3-1.26.18-py2.py3-none-any.whl", hash = "sha256:34b97092d7e0a3a8cf7cd10e386f401b3737364026c45e622aa02903dffe0f07"},
    {file = "urllib3-1.26.18.tar.gz", hash = "sha256:f8ecc1bba5667413457c529ab955bf8c67b45db799d159066261719e328580a0"},
]
wcwidth = [
    {file = "wcwidth-0.2.13-py2.py3-none-any.whl", hash = "sha256:3da69048e4540d84af32131829ff948f1e022c1c6bdb8d6102117aac784f6859"},
    {file = "wcwidth-0.2.13.tar.gz", hash = "sha256:72ea0c06399eb286d978fdedb6923a9eb47e1c486ce63e9b4e64fc18303972b5"},
]
zipp = [
    {file = "zipp-1.2.0-py2.py3-none-any.whl", hash = "sha256:e0d9e63797e483a30d27e09fffd308c59a700d365ec34e93cc100844168bf921"},
    {file = "zipp-1.2.0.tar.gz", hash = "sha256:c70410551488251b0fee67b460fb9a536af8d6f9f008ad10ac51f615b6a521b1"},
]
